
Microsoft Visual Studio Solution File, Format Version 12.00
# Visual Studio Version 16
VisualStudioVersion = 16.0.29025.244
MinimumVisualStudioVersion = 10.0.40219.1
Project("{9A19103F-16F7-4668-BE54-9A1E7A4F7556}") = "ClassLibrary", "ClassLibrary\ClassLibrary.csproj", "{42F47A3D-3519-47EF-9943-3BD4F1772824}"
EndProject
Project("{9A19103F-16F7-4668-BE54-9A1E7A4F7556}") = "Quadrilateral_Tests_v2", "Quadrilateral_Tests_v2\Quadrilateral_Tests_v2.csproj", "{D105F327-42A0-4EA1-AF79-428C769432AE}"
EndProject
Project("{9A19103F-16F7-4668-BE54-9A1E7A4F7556}") = "UserInterface", "UserInterface\UserInterface.csproj", "{83A82D15-F494-4E93-A78D-16E852F652BF}"
EndProject
Project("{FAE04EC0-301F-11D3-BF4B-00C04F79EFBC}") = "Triangle_Tests_v2", "Triangle_Tests_v2\Triangle_Tests_v2.csproj", "{E22FD7C0-F113-4DDD-AEAA-E1D13A7A86AA}"
EndProject
Global
	GlobalSection(SolutionConfigurationPlatforms) = preSolution
		Debug|Any CPU = Debug|Any CPU
		Release|Any CPU = Release|Any CPU
	EndGlobalSection
	GlobalSection(ProjectConfigurationPlatforms) = postSolution
		{42F47A3D-3519-47EF-9943-3BD4F1772824}.Debug|Any CPU.ActiveCfg = Debug|Any CPU
		{42F47A3D-3519-47EF-9943-3BD4F1772824}.Debug|Any CPU.Build.0 = Debug|Any CPU
		{42F47A3D-3519-47EF-9943-3BD4F1772824}.Release|Any CPU.ActiveCfg = Release|Any CPU
		{42F47A3D-3519-47EF-9943-3BD4F1772824}.Release|Any CPU.Build.0 = Release|Any CPU
		{D105F327-42A0-4EA1-AF79-428C769432AE}.Debug|Any CPU.ActiveCfg = Debug|Any CPU
		{D105F327-42A0-4EA1-AF79-428C769432AE}.Debug|Any CPU.Build.0 = Debug|Any CPU
		{D105F327-42A0-4EA1-AF79-428C769432AE}.Release|Any CPU.ActiveCfg = Release|Any CPU
		{D105F327-42A0-4EA1-AF79-428C769432AE}.Release|Any CPU.Build.0 = Release|Any CPU
		{83A82D15-F494-4E93-A78D-16E852F652BF}.Debug|Any CPU.ActiveCfg = Debug|Any CPU
		{83A82D15-F494-4E93-A78D-16E852F652BF}.Debug|Any CPU.Build.0 = Debug|Any CPU
		{83A82D15-F494-4E93-A78D-16E852F652BF}.Release|Any CPU.ActiveCfg = Release|Any CPU
		{83A82D15-F494-4E93-A78D-16E852F652BF}.Release|Any CPU.Build.0 = Release|Any CPU
		{E22FD7C0-F113-4DDD-AEAA-E1D13A7A86AA}.Debug|Any CPU.ActiveCfg = Debug|Any CPU
		{E22FD7C0-F113-4DDD-AEAA-E1D13A7A86AA}.Debug|Any CPU.Build.0 = Debug|Any CPU
		{E22FD7C0-F113-4DDD-AEAA-E1D13A7A86AA}.Release|Any CPU.ActiveCfg = Release|Any CPU
		{E22FD7C0-F113-4DDD-AEAA-E1D13A7A86AA}.Release|Any CPU.Build.0 = Release|Any CPU
	EndGlobalSection
	GlobalSection(SolutionProperties) = preSolution
		HideSolutionNode = FALSE
	EndGlobalSection
	GlobalSection(ExtensibilityGlobals) = postSolution
		SolutionGuid = {5DE65EA2-A883-41F5-97EF-F2FB803BA9F3}
	EndGlobalSection
EndGlobal
